{
  "nodes": {
    "devenv": {
      "locked": {
        "dir": "src/modules",
        "lastModified": 1774169171,
        "narHash": "sha256-Dc7no+gHVoxiUtFX9EPpwIfht41R17coKwz2/0BmgkE=",
        "owner": "cachix",
        "repo": "devenv",
        "rev": "3d577f573ec01d11a68a7042180794afd057d9a6",
        "type": "github"
      },
      "original": {
        "dir": "src/modules",
        "owner": "cachix",
        "repo": "devenv",
        "type": "github"
      }
    },
    "devenv-module-devcontainer": {
      "flake": false,
      "locked": {
        "lastModified": 1774015019,
        "narHash": "sha256-S7eUHEQDShIIjf/Um+WT3n6+ygLlfiFU0jaSyoG8DFo=",
        "owner": "datakurre",
        "repo": "devenv-module-devcontainer",
        "rev": "a35ff61b596714f78c368c224be1fd0252c2d6c6",
        "type": "github"
      },
      "original": {
        "owner": "datakurre",
        "repo": "devenv-module-devcontainer",
        "type": "github"
      }
    },
    "devenv-module-devcontainer-nixpkgs": {
      "locked": {
        "lastModified": 1774168893,
        "narHash": "sha256-5JTaWuSvOIZrEVgv+ZA4vSfO9eQGZFBh4b2uxNq2fDw=",
        "owner": "nixos",
        "repo": "nixpkgs",
        "rev": "049837e3023d928b79f35911a19c16a871f8b754",
        "type": "github"
      },
      "original": {
        "owner": "nixos",
        "repo": "nixpkgs",
        "type": "github"
      }
    },
    "nixpkgs": {
      "locked": {
        "lastModified": 1774168893,
        "narHash": "sha256-5JTaWuSvOIZrEVgv+ZA4vSfO9eQGZFBh4b2uxNq2fDw=",
        "owner": "nixos",
        "repo": "nixpkgs",
        "rev": "049837e3023d928b79f35911a19c16a871f8b754",
        "type": "github"
      },
      "original": {
        "owner": "nixos",
        "repo": "nixpkgs",
        "type": "github"
      }
    },
    "root": {
      "inputs": {
        "devenv": "devenv",
        "devenv-module-devcontainer": "devenv-module-devcontainer",
        "devenv-module-devcontainer-nixpkgs": "devenv-module-devcontainer-nixpkgs",
        "nixpkgs": "nixpkgs"
      }
    }
  },
  "root": "root",
  "version": 7
}